// !$*UTF8*$!
{
	archiveVersion = 1;
	classes = {
	};
	objectVersion = 46;
	objects = {

/* Begin PBXBuildFile section */
		180C328E1ED31D48009AE1D9 /* VisitorTableViewController.swift in Sources */ = {isa = PBXBuildFile; fileRef = 180C328D1ED31D48009AE1D9 /* VisitorTableViewController.swift */; };
		180C32901ED3324A009AE1D9 /* VisitorView.swift in Sources */ = {isa = PBXBuildFile; fileRef = 180C328F1ED3324A009AE1D9 /* VisitorView.swift */; };
		181BCA151EF165E9009A82CC /* User.swift in Sources */ = {isa = PBXBuildFile; fileRef = 181BCA141EF165E9009A82CC /* User.swift */; };
		181BCA171EF16664009A82CC /* Status.swift in Sources */ = {isa = PBXBuildFile; fileRef = 181BCA161EF16664009A82CC /* Status.swift */; };
		181BCA191EF16698009A82CC /* StatusListViewModel.swift in Sources */ = {isa = PBXBuildFile; fileRef = 181BCA181EF16698009A82CC /* StatusListViewModel.swift */; };
		182913B51EDEB42F000AAF4D /* OAuthViewController.swift in Sources */ = {isa = PBXBuildFile; fileRef = 182913B41EDEB42F000AAF4D /* OAuthViewController.swift */; };
		182BC14B1F459C5E006F7ECB /* EmoticonAttachment.swift in Sources */ = {isa = PBXBuildFile; fileRef = 182BC1421F459C5E006F7ECB /* EmoticonAttachment.swift */; };
		182BC14C1F459C5E006F7ECB /* EmoticonManager.swift in Sources */ = {isa = PBXBuildFile; fileRef = 182BC1431F459C5E006F7ECB /* EmoticonManager.swift */; };
		182BC14D1F459C5E006F7ECB /* Emoticons.bundle in Resources */ = {isa = PBXBuildFile; fileRef = 182BC1441F459C5E006F7ECB /* Emoticons.bundle */; };
		182BC14E1F459C5E006F7ECB /* EmoticonView.swift in Sources */ = {isa = PBXBuildFile; fileRef = 182BC1451F459C5E006F7ECB /* EmoticonView.swift */; };
		182BC14F1F459C5E006F7ECB /* Emoticon.swift in Sources */ = {isa = PBXBuildFile; fileRef = 182BC1471F459C5E006F7ECB /* Emoticon.swift */; };
		182BC1501F459C5E006F7ECB /* Package.swift in Sources */ = {isa = PBXBuildFile; fileRef = 182BC1481F459C5E006F7ECB /* Package.swift */; };
		182BC1511F459C5E006F7ECB /* String+Emoji.swift in Sources */ = {isa = PBXBuildFile; fileRef = 182BC1491F459C5E006F7ECB /* String+Emoji.swift */; };
		182BC1521F459C5E006F7ECB /* UITextView+Emoji.swift in Sources */ = {isa = PBXBuildFile; fileRef = 182BC14A1F459C5E006F7ECB /* UITextView+Emoji.swift */; };
		185768371EE2ED2C00629BF6 /* UserAccount.swift in Sources */ = {isa = PBXBuildFile; fileRef = 185768361EE2ED2C00629BF6 /* UserAccount.swift */; };
		185768391EE2F22400629BF6 /* UserAccountViewModel.swift in Sources */ = {isa = PBXBuildFile; fileRef = 185768381EE2F22400629BF6 /* UserAccountViewModel.swift */; };
		189865F81EDAC1A100E85860 /* UILabel+Extension.swift in Sources */ = {isa = PBXBuildFile; fileRef = 189865F71EDAC1A100E85860 /* UILabel+Extension.swift */; };
		189865FA1EDAC5F700E85860 /* UIImageView+Extension.swift in Sources */ = {isa = PBXBuildFile; fileRef = 189865F91EDAC5F700E85860 /* UIImageView+Extension.swift */; };
		189EEE4C1EEBF3CA00F8CBA5 /* Common.swift in Sources */ = {isa = PBXBuildFile; fileRef = 189EEE4B1EEBF3CA00F8CBA5 /* Common.swift */; };
		189EEE4E1EEBF41500F8CBA5 /* WelcomeViewController.swift in Sources */ = {isa = PBXBuildFile; fileRef = 189EEE4D1EEBF41500F8CBA5 /* WelcomeViewController.swift */; };
		18B2B3A81EF29FDF00792F60 /* StatusCell.swift in Sources */ = {isa = PBXBuildFile; fileRef = 18B2B3A71EF29FDF00792F60 /* StatusCell.swift */; };
		18B2B3AA1EF2A00100792F60 /* StatusCellTopView.swift in Sources */ = {isa = PBXBuildFile; fileRef = 18B2B3A91EF2A00100792F60 /* StatusCellTopView.swift */; };
		18B2B3AC1EF2A04200792F60 /* StatusCellBottomView.swift in Sources */ = {isa = PBXBuildFile; fileRef = 18B2B3AB1EF2A04200792F60 /* StatusCellBottomView.swift */; };
		18B2B7871F44573200E4DDD3 /* ComposeViewController.swift in Sources */ = {isa = PBXBuildFile; fileRef = 18B2B7861F44573200E4DDD3 /* ComposeViewController.swift */; };
		18B2B78B1F4478EF00E4DDD3 /* UIBarButtonItem+Extension.swift in Sources */ = {isa = PBXBuildFile; fileRef = 18B2B78A1F4478EF00E4DDD3 /* UIBarButtonItem+Extension.swift */; };
		18BCA3C31F2CAFD700EF57FC /* StatusCellPictureView.swift in Sources */ = {isa = PBXBuildFile; fileRef = 18BCA3C21F2CAFD700EF57FC /* StatusCellPictureView.swift */; };
		18C7400E1F31D6510038B2D1 /* StatusRetweetCell.swift in Sources */ = {isa = PBXBuildFile; fileRef = 18C7400D1F31D6510038B2D1 /* StatusRetweetCell.swift */; };
		18C740101F31D6E60038B2D1 /* StatusNormalCell.swift in Sources */ = {isa = PBXBuildFile; fileRef = 18C7400F1F31D6E60038B2D1 /* StatusNormalCell.swift */; };
		18D2DEE61ED07BB300B446CC /* AppDelegate.swift in Sources */ = {isa = PBXBuildFile; fileRef = 18D2DEE51ED07BB300B446CC /* AppDelegate.swift */; };
		18D2DEED1ED07BB300B446CC /* Assets.xcassets in Resources */ = {isa = PBXBuildFile; fileRef = 18D2DEEC1ED07BB300B446CC /* Assets.xcassets */; };
		18D2DEFB1ED07BB400B446CC /* ______Tests.swift in Sources */ = {isa = PBXBuildFile; fileRef = 18D2DEFA1ED07BB400B446CC /* ______Tests.swift */; };
		18D2DF061ED07BB400B446CC /* ______UITests.swift in Sources */ = {isa = PBXBuildFile; fileRef = 18D2DF051ED07BB400B446CC /* ______UITests.swift */; };
		18D2DF1E1ED0874D00B446CC /* MainViewController.swift in Sources */ = {isa = PBXBuildFile; fileRef = 18D2DF1D1ED0874D00B446CC /* MainViewController.swift */; };
		18D2DF201ED0876D00B446CC /* HomeTableViewController.swift in Sources */ = {isa = PBXBuildFile; fileRef = 18D2DF1F1ED0876D00B446CC /* HomeTableViewController.swift */; };
		18D2DF221ED0878300B446CC /* MessageTableViewController.swift in Sources */ = {isa = PBXBuildFile; fileRef = 18D2DF211ED0878300B446CC /* MessageTableViewController.swift */; };
		18D2DF241ED0879500B446CC /* DiscoverTableViewController.swift in Sources */ = {isa = PBXBuildFile; fileRef = 18D2DF231ED0879500B446CC /* DiscoverTableViewController.swift */; };
		18D2DF261ED087B000B446CC /* ProfileTableViewController.swift in Sources */ = {isa = PBXBuildFile; fileRef = 18D2DF251ED087B000B446CC /* ProfileTableViewController.swift */; };
		18E9D8EA1EE52D9000595D44 /* NewfeatureCollectionViewController.swift in Sources */ = {isa = PBXBuildFile; fileRef = 18E9D8E91EE52D9000595D44 /* NewfeatureCollectionViewController.swift */; };
		18EA2A391EDC83B0005D4F83 /* NetworkTool.swift in Sources */ = {isa = PBXBuildFile; fileRef = 18EA2A381EDC83B0005D4F83 /* NetworkTool.swift */; };
		18EFF5AB1ED2B7D00084F4CE /* UIButton+Extension.swift in Sources */ = {isa = PBXBuildFile; fileRef = 18EFF5AA1ED2B7D00084F4CE /* UIButton+Extension.swift */; };
		18F43AA51F33319D00024079 /* WBRefreshControl.swift in Sources */ = {isa = PBXBuildFile; fileRef = 18F43AA41F33319D00024079 /* WBRefreshControl.swift */; };
		18F43AA71F33335700024079 /* WBRefreshView.xib in Resources */ = {isa = PBXBuildFile; fileRef = 18F43AA61F33335700024079 /* WBRefreshView.xib */; };
		18FBBF301EF2D8E3009A4266 /* StatusViewModel.swift in Sources */ = {isa = PBXBuildFile; fileRef = 18FBBF2F1EF2D8E3009A4266 /* StatusViewModel.swift */; };
		982C08E3C1E3B56EA8EDE40A /* Pods_______.framework in Frameworks */ = {isa = PBXBuildFile; fileRef = 830936210B502E3C3D41EEE2 /* Pods_______.framework */; };
		994CE30D4551716A039F0443 /* Pods_______UITests.framework in Frameworks */ = {isa = PBXBuildFile; fileRef = 2FA0EE078D81C0D3A60515B2 /* Pods_______UITests.framework */; };
		C96F8A16B61AD2B7D3A8BF78 /* Pods_______Tests.framework in Frameworks */ = {isa = PBXBuildFile; fileRef = F8377F747ED05564CBC0A9E1 /* Pods_______Tests.framework */; };
/* End PBXBuildFile section */

/* Begin PBXContainerItemProxy section */
		18D2DEF71ED07BB400B446CC /* PBXContainerItemProxy */ = {
			isa = PBXContainerItemProxy;
			containerPortal = 18D2DEDA1ED07BB300B446CC /* Project object */;
			proxyType = 1;
			remoteGlobalIDString = 18D2DEE11ED07BB300B446CC;
			remoteInfo = "仿写新浪微博";
		};
		18D2DF021ED07BB400B446CC /* PBXContainerItemProxy */ = {
			isa = PBXContainerItemProxy;
			containerPortal = 18D2DEDA1ED07BB300B446CC /* Project object */;
			proxyType = 1;
			remoteGlobalIDString = 18D2DEE11ED07BB300B446CC;
			remoteInfo = "仿写新浪微博";
		};
/* End PBXContainerItemProxy section */

/* Begin PBXFileReference section */
		180C328D1ED31D48009AE1D9 /* VisitorTableViewController.swift */ = {isa = PBXFileReference; fileEncoding = 4; lastKnownFileType = sourcecode.swift; path = VisitorTableViewController.swift; sourceTree = "<group>"; };
		180C328F1ED3324A009AE1D9 /* VisitorView.swift */ = {isa = PBXFileReference; fileEncoding = 4; lastKnownFileType = sourcecode.swift; path = VisitorView.swift; sourceTree = "<group>"; };
		181BCA141EF165E9009A82CC /* User.swift */ = {isa = PBXFileReference; fileEncoding = 4; lastKnownFileType = sourcecode.swift; path = User.swift; sourceTree = "<group>"; };
		181BCA161EF16664009A82CC /* Status.swift */ = {isa = PBXFileReference; fileEncoding = 4; lastKnownFileType = sourcecode.swift; path = Status.swift; sourceTree = "<group>"; };
		181BCA181EF16698009A82CC /* StatusListViewModel.swift */ = {isa = PBXFileReference; fileEncoding = 4; lastKnownFileType = sourcecode.swift; path = StatusListViewModel.swift; sourceTree = "<group>"; };
		182913B41EDEB42F000AAF4D /* OAuthViewController.swift */ = {isa = PBXFileReference; fileEncoding = 4; lastKnownFileType = sourcecode.swift; path = OAuthViewController.swift; sourceTree = "<group>"; };
		182BC1421F459C5E006F7ECB /* EmoticonAttachment.swift */ = {isa = PBXFileReference; fileEncoding = 4; lastKnownFileType = sourcecode.swift; path = EmoticonAttachment.swift; sourceTree = "<group>"; };
		182BC1431F459C5E006F7ECB /* EmoticonManager.swift */ = {isa = PBXFileReference; fileEncoding = 4; lastKnownFileType = sourcecode.swift; path = EmoticonManager.swift; sourceTree = "<group>"; };
		182BC1441F459C5E006F7ECB /* Emoticons.bundle */ = {isa = PBXFileReference; lastKnownFileType = "wrapper.plug-in"; path = Emoticons.bundle; sourceTree = "<group>"; };
		182BC1451F459C5E006F7ECB /* EmoticonView.swift */ = {isa = PBXFileReference; fileEncoding = 4; lastKnownFileType = sourcecode.swift; path = EmoticonView.swift; sourceTree = "<group>"; };
		182BC1471F459C5E006F7ECB /* Emoticon.swift */ = {isa = PBXFileReference; fileEncoding = 4; lastKnownFileType = sourcecode.swift; path = Emoticon.swift; sourceTree = "<group>"; };
		182BC1481F459C5E006F7ECB /* Package.swift */ = {isa = PBXFileReference; fileEncoding = 4; lastKnownFileType = sourcecode.swift; path = Package.swift; sourceTree = "<group>"; };
		182BC1491F459C5E006F7ECB /* String+Emoji.swift */ = {isa = PBXFileReference; fileEncoding = 4; lastKnownFileType = sourcecode.swift; path = "String+Emoji.swift"; sourceTree = "<group>"; };
		182BC14A1F459C5E006F7ECB /* UITextView+Emoji.swift */ = {isa = PBXFileReference; fileEncoding = 4; lastKnownFileType = sourcecode.swift; path = "UITextView+Emoji.swift"; sourceTree = "<group>"; };
		185768361EE2ED2C00629BF6 /* UserAccount.swift */ = {isa = PBXFileReference; fileEncoding = 4; lastKnownFileType = sourcecode.swift; path = UserAccount.swift; sourceTree = "<group>"; };
		185768381EE2F22400629BF6 /* UserAccountViewModel.swift */ = {isa = PBXFileReference; fileEncoding = 4; lastKnownFileType = sourcecode.swift; path = UserAccountViewModel.swift; sourceTree = "<group>"; };
		189865F71EDAC1A100E85860 /* UILabel+Extension.swift */ = {isa = PBXFileReference; fileEncoding = 4; lastKnownFileType = sourcecode.swift; path = "UILabel+Extension.swift"; sourceTree = "<group>"; };
		189865F91EDAC5F700E85860 /* UIImageView+Extension.swift */ = {isa = PBXFileReference; fileEncoding = 4; lastKnownFileType = sourcecode.swift; path = "UIImageView+Extension.swift"; sourceTree = "<group>"; };
		189EEE4B1EEBF3CA00F8CBA5 /* Common.swift */ = {isa = PBXFileReference; fileEncoding = 4; lastKnownFileType = sourcecode.swift; name = Common.swift; path = Extension/Common.swift; sourceTree = "<group>"; };
		189EEE4D1EEBF41500F8CBA5 /* WelcomeViewController.swift */ = {isa = PBXFileReference; fileEncoding = 4; lastKnownFileType = sourcecode.swift; path = WelcomeViewController.swift; sourceTree = "<group>"; };
		18B2B3A71EF29FDF00792F60 /* StatusCell.swift */ = {isa = PBXFileReference; fileEncoding = 4; lastKnownFileType = sourcecode.swift; path = StatusCell.swift; sourceTree = "<group>"; };
		18B2B3A91EF2A00100792F60 /* StatusCellTopView.swift */ = {isa = PBXFileReference; fileEncoding = 4; lastKnownFileType = sourcecode.swift; path = StatusCellTopView.swift; sourceTree = "<group>"; };
		18B2B3AB1EF2A04200792F60 /* StatusCellBottomView.swift */ = {isa = PBXFileReference; fileEncoding = 4; lastKnownFileType = sourcecode.swift; path = StatusCellBottomView.swift; sourceTree = "<group>"; };
		18B2B7861F44573200E4DDD3 /* ComposeViewController.swift */ = {isa = PBXFileReference; fileEncoding = 4; lastKnownFileType = sourcecode.swift; path = ComposeViewController.swift; sourceTree = "<group>"; };
		18B2B78A1F4478EF00E4DDD3 /* UIBarButtonItem+Extension.swift */ = {isa = PBXFileReference; fileEncoding = 4; lastKnownFileType = sourcecode.swift; path = "UIBarButtonItem+Extension.swift"; sourceTree = "<group>"; };
		18BCA3C21F2CAFD700EF57FC /* StatusCellPictureView.swift */ = {isa = PBXFileReference; fileEncoding = 4; lastKnownFileType = sourcecode.swift; path = StatusCellPictureView.swift; sourceTree = "<group>"; };
		18C7400D1F31D6510038B2D1 /* StatusRetweetCell.swift */ = {isa = PBXFileReference; fileEncoding = 4; lastKnownFileType = sourcecode.swift; path = StatusRetweetCell.swift; sourceTree = "<group>"; };
		18C7400F1F31D6E60038B2D1 /* StatusNormalCell.swift */ = {isa = PBXFileReference; fileEncoding = 4; lastKnownFileType = sourcecode.swift; path = StatusNormalCell.swift; sourceTree = "<group>"; };
		18D2DEE21ED07BB300B446CC /* 仿写新浪微博.app */ = {isa = PBXFileReference; explicitFileType = wrapper.application; includeInIndex = 0; path = "仿写新浪微博.app"; sourceTree = BUILT_PRODUCTS_DIR; };
		18D2DEE51ED07BB300B446CC /* AppDelegate.swift */ = {isa = PBXFileReference; lastKnownFileType = sourcecode.swift; path = AppDelegate.swift; sourceTree = "<group>"; };
		18D2DEEC1ED07BB300B446CC /* Assets.xcassets */ = {isa = PBXFileReference; lastKnownFileType = folder.assetcatalog; path = Assets.xcassets; sourceTree = "<group>"; };
		18D2DEF11ED07BB300B446CC /* Info.plist */ = {isa = PBXFileReference; lastKnownFileType = text.plist.xml; path = Info.plist; sourceTree = "<group>"; };
		18D2DEF61ED07BB400B446CC /* 仿写新浪微博Tests.xctest */ = {isa = PBXFileReference; explicitFileType = wrapper.cfbundle; includeInIndex = 0; path = "仿写新浪微博Tests.xctest"; sourceTree = BUILT_PRODUCTS_DIR; };
		18D2DEFA1ED07BB400B446CC /* ______Tests.swift */ = {isa = PBXFileReference; lastKnownFileType = sourcecode.swift; path = "______Tests.swift"; sourceTree = "<group>"; };
		18D2DEFC1ED07BB400B446CC /* Info.plist */ = {isa = PBXFileReference; lastKnownFileType = text.plist.xml; path = Info.plist; sourceTree = "<group>"; };
		18D2DF011ED07BB400B446CC /* 仿写新浪微博UITests.xctest */ = {isa = PBXFileReference; explicitFileType = wrapper.cfbundle; includeInIndex = 0; path = "仿写新浪微博UITests.xctest"; sourceTree = BUILT_PRODUCTS_DIR; };
		18D2DF051ED07BB400B446CC /* ______UITests.swift */ = {isa = PBXFileReference; lastKnownFileType = sourcecode.swift; path = "______UITests.swift"; sourceTree = "<group>"; };
		18D2DF071ED07BB400B446CC /* Info.plist */ = {isa = PBXFileReference; lastKnownFileType = text.plist.xml; path = Info.plist; sourceTree = "<group>"; };
		18D2DF1D1ED0874D00B446CC /* MainViewController.swift */ = {isa = PBXFileReference; fileEncoding = 4; lastKnownFileType = sourcecode.swift; path = MainViewController.swift; sourceTree = "<group>"; };
		18D2DF1F1ED0876D00B446CC /* HomeTableViewController.swift */ = {isa = PBXFileReference; fileEncoding = 4; lastKnownFileType = sourcecode.swift; path = HomeTableViewController.swift; sourceTree = "<group>"; };
		18D2DF211ED0878300B446CC /* MessageTableViewController.swift */ = {isa = PBXFileReference; fileEncoding = 4; lastKnownFileType = sourcecode.swift; path = MessageTableViewController.swift; sourceTree = "<group>"; };
		18D2DF231ED0879500B446CC /* DiscoverTableViewController.swift */ = {isa = PBXFileReference; fileEncoding = 4; lastKnownFileType = sourcecode.swift; path = DiscoverTableViewController.swift; sourceTree = "<group>"; };
		18D2DF251ED087B000B446CC /* ProfileTableViewController.swift */ = {isa = PBXFileReference; fileEncoding = 4; lastKnownFileType = sourcecode.swift; path = ProfileTableViewController.swift; sourceTree = "<group>"; };
		18E9D8E91EE52D9000595D44 /* NewfeatureCollectionViewController.swift */ = {isa = PBXFileReference; fileEncoding = 4; lastKnownFileType = sourcecode.swift; path = NewfeatureCollectionViewController.swift; sourceTree = "<group>"; };
		18EA2A381EDC83B0005D4F83 /* NetworkTool.swift */ = {isa = PBXFileReference; fileEncoding = 4; lastKnownFileType = sourcecode.swift; path = NetworkTool.swift; sourceTree = "<group>"; };
		18EFF5AA1ED2B7D00084F4CE /* UIButton+Extension.swift */ = {isa = PBXFileReference; fileEncoding = 4; lastKnownFileType = sourcecode.swift; path = "UIButton+Extension.swift"; sourceTree = "<group>"; };
		18F43AA41F33319D00024079 /* WBRefreshControl.swift */ = {isa = PBXFileReference; fileEncoding = 4; lastKnownFileType = sourcecode.swift; path = WBRefreshControl.swift; sourceTree = "<group>"; };
		18F43AA61F33335700024079 /* WBRefreshView.xib */ = {isa = PBXFileReference; fileEncoding = 4; lastKnownFileType = file.xib; path = WBRefreshView.xib; sourceTree = "<group>"; };
		18FBBF2F1EF2D8E3009A4266 /* StatusViewModel.swift */ = {isa = PBXFileReference; fileEncoding = 4; lastKnownFileType = sourcecode.swift; path = StatusViewModel.swift; sourceTree = "<group>"; };
		234542B9F6771408281F702D /* Pods-仿写新浪微博UITests.debug.xcconfig */ = {isa = PBXFileReference; includeInIndex = 1; lastKnownFileType = text.xcconfig; name = "Pods-仿写新浪微博UITests.debug.xcconfig"; path = "Pods/Target Support Files/Pods-仿写新浪微博UITests/Pods-仿写新浪微博UITests.debug.xcconfig"; sourceTree = "<group>"; };
		2FA0EE078D81C0D3A60515B2 /* Pods_______UITests.framework */ = {isa = PBXFileReference; explicitFileType = wrapper.framework; includeInIndex = 0; path = "Pods_______UITests.framework"; sourceTree = BUILT_PRODUCTS_DIR; };
		830936210B502E3C3D41EEE2 /* Pods_______.framework */ = {isa = PBXFileReference; explicitFileType = wrapper.framework; includeInIndex = 0; path = "Pods_______.framework"; sourceTree = BUILT_PRODUCTS_DIR; };
		AEA6D440CA775884A8BE81BF /* Pods-仿写新浪微博UITests.release.xcconfig */ = {isa = PBXFileReference; includeInIndex = 1; lastKnownFileType = text.xcconfig; name = "Pods-仿写新浪微博UITests.release.xcconfig"; path = "Pods/Target Support Files/Pods-仿写新浪微博UITests/Pods-仿写新浪微博UITests.release.xcconfig"; sourceTree = "<group>"; };
		CA944AD3CCD8370D72E32524 /* Pods-仿写新浪微博Tests.release.xcconfig */ = {isa = PBXFileReference; includeInIndex = 1; lastKnownFileType = text.xcconfig; name = "Pods-仿写新浪微博Tests.release.xcconfig"; path = "Pods/Target Support Files/Pods-仿写新浪微博Tests/Pods-仿写新浪微博Tests.release.xcconfig"; sourceTree = "<group>"; };
		CD4F5CBB4BA389E953D6DE0B /* Pods-仿写新浪微博.release.xcconfig */ = {isa = PBXFileReference; includeInIndex = 1; lastKnownFileType = text.xcconfig; name = "Pods-仿写新浪微博.release.xcconfig"; path = "Pods/Target Support Files/Pods-仿写新浪微博/Pods-仿写新浪微博.release.xcconfig"; sourceTree = "<group>"; };
		F82DE2584C2AB7D396288ECD /* Pods-仿写新浪微博.debug.xcconfig */ = {isa = PBXFileReference; includeInIndex = 1; lastKnownFileType = text.xcconfig; name = "Pods-仿写新浪微博.debug.xcconfig"; path = "Pods/Target Support Files/Pods-仿写新浪微博/Pods-仿写新浪微博.debug.xcconfig"; sourceTree = "<group>"; };
		F8377F747ED05564CBC0A9E1 /* Pods_______Tests.framework */ = {isa = PBXFileReference; explicitFileType = wrapper.framework; includeInIndex = 0; path = "Pods_______Tests.framework"; sourceTree = BUILT_PRODUCTS_DIR; };
		FFEA44D7EFFEE594715BBF1C /* Pods-仿写新浪微博Tests.debug.xcconfig */ = {isa = PBXFileReference; includeInIndex = 1; lastKnownFileType = text.xcconfig; name = "Pods-仿写新浪微博Tests.debug.xcconfig"; path = "Pods/Target Support Files/Pods-仿写新浪微博Tests/Pods-仿写新浪微博Tests.debug.xcconfig"; sourceTree = "<group>"; };
/* End PBXFileReference section */

/* Begin PBXFrameworksBuildPhase section */
		18D2DEDF1ED07BB300B446CC /* Frameworks */ = {
			isa = PBXFrameworksBuildPhase;
			buildActionMask = 2147483647;
			files = (
				982C08E3C1E3B56EA8EDE40A /* Pods_______.framework in Frameworks */,
			);
			runOnlyForDeploymentPostprocessing = 0;
		};
		18D2DEF31ED07BB400B446CC /* Frameworks */ = {
			isa = PBXFrameworksBuildPhase;
			buildActionMask = 2147483647;
			files = (
				C96F8A16B61AD2B7D3A8BF78 /* Pods_______Tests.framework in Frameworks */,
			);
			runOnlyForDeploymentPostprocessing = 0;
		};
		18D2DEFE1ED07BB400B446CC /* Frameworks */ = {
			isa = PBXFrameworksBuildPhase;
			buildActionMask = 2147483647;
			files = (
				994CE30D4551716A039F0443 /* Pods_______UITests.framework in Frameworks */,
			);
			runOnlyForDeploymentPostprocessing = 0;
		};
/* End PBXFrameworksBuildPhase section */

/* Begin PBXGroup section */
		180C328C1ED31D1F009AE1D9 /* Visitor */ = {
			isa = PBXGroup;
			children = (
				180C328D1ED31D48009AE1D9 /* VisitorTableViewController.swift */,
				180C328F1ED3324A009AE1D9 /* VisitorView.swift */,
			);
			path = Visitor;
			sourceTree = "<group>";
		};
		182913B31EDEB404000AAF4D /* OAuth */ = {
			isa = PBXGroup;
			children = (
				182913B41EDEB42F000AAF4D /* OAuthViewController.swift */,
			);
			path = OAuth;
			sourceTree = "<group>";
		};
		182BC1411F459C5E006F7ECB /* Emoticon */ = {
			isa = PBXGroup;
			children = (
				182BC1441F459C5E006F7ECB /* Emoticons.bundle */,
				182BC1421F459C5E006F7ECB /* EmoticonAttachment.swift */,
				182BC1431F459C5E006F7ECB /* EmoticonManager.swift */,
				182BC1451F459C5E006F7ECB /* EmoticonView.swift */,
				182BC1491F459C5E006F7ECB /* String+Emoji.swift */,
				182BC14A1F459C5E006F7ECB /* UITextView+Emoji.swift */,
				182BC1461F459C5E006F7ECB /* Model */,
			);
			path = Emoticon;
			sourceTree = "<group>";
		};
		182BC1461F459C5E006F7ECB /* Model */ = {
			isa = PBXGroup;
			children = (
				182BC1471F459C5E006F7ECB /* Emoticon.swift */,
				182BC1481F459C5E006F7ECB /* Package.swift */,
			);
			path = Model;
			sourceTree = "<group>";
		};
		18B2B3A61EF29FB400792F60 /* StatusCell */ = {
			isa = PBXGroup;
			children = (
				18B2B3A71EF29FDF00792F60 /* StatusCell.swift */,
				18C7400F1F31D6E60038B2D1 /* StatusNormalCell.swift */,
				18C7400D1F31D6510038B2D1 /* StatusRetweetCell.swift */,
				18B2B3A91EF2A00100792F60 /* StatusCellTopView.swift */,
				18B2B3AB1EF2A04200792F60 /* StatusCellBottomView.swift */,
				18BCA3C21F2CAFD700EF57FC /* StatusCellPictureView.swift */,
			);
			name = StatusCell;
			path = StatusesCell;
			sourceTree = "<group>";
		};
		18B2B7851F4456EE00E4DDD3 /* Compose */ = {
			isa = PBXGroup;
			children = (
				18B2B7861F44573200E4DDD3 /* ComposeViewController.swift */,
			);
			path = Compose;
			sourceTree = "<group>";
		};
		18D2DED91ED07BB300B446CC = {
			isa = PBXGroup;
			children = (
				18D2DEE41ED07BB300B446CC /* 仿写新浪微博 */,
				18D2DEF91ED07BB400B446CC /* 仿写新浪微博Tests */,
				18D2DF041ED07BB400B446CC /* 仿写新浪微博UITests */,
				18D2DEE31ED07BB300B446CC /* Products */,
				981CE705215339DA88793877 /* Pods */,
				43FE2F91467413BDC43BFC74 /* Frameworks */,
			);
			sourceTree = "<group>";
		};
		18D2DEE31ED07BB300B446CC /* Products */ = {
			isa = PBXGroup;
			children = (
				18D2DEE21ED07BB300B446CC /* 仿写新浪微博.app */,
				18D2DEF61ED07BB400B446CC /* 仿写新浪微博Tests.xctest */,
				18D2DF011ED07BB400B446CC /* 仿写新浪微博UITests.xctest */,
			);
			name = Products;
			sourceTree = "<group>";
		};
		18D2DEE41ED07BB300B446CC /* 仿写新浪微博 */ = {
			isa = PBXGroup;
			children = (
				18D2DEE51ED07BB300B446CC /* AppDelegate.swift */,
				18D2DEEC1ED07BB300B446CC /* Assets.xcassets */,
				18D2DEF11ED07BB300B446CC /* Info.plist */,
				18D2DF131ED0837000B446CC /* Classes */,
			);
			path = "仿写新浪微博";
			sourceTree = "<group>";
		};
		18D2DEF91ED07BB400B446CC /* 仿写新浪微博Tests */ = {
			isa = PBXGroup;
			children = (
				18D2DEFA1ED07BB400B446CC /* ______Tests.swift */,
				18D2DEFC1ED07BB400B446CC /* Info.plist */,
			);
			path = "仿写新浪微博Tests";
			sourceTree = SOURCE_ROOT;
		};
		18D2DF041ED07BB400B446CC /* 仿写新浪微博UITests */ = {
			isa = PBXGroup;
			children = (
				18D2DF051ED07BB400B446CC /* ______UITests.swift */,
				18D2DF071ED07BB400B446CC /* Info.plist */,
			);
			path = "仿写新浪微博UITests";
			sourceTree = "<group>";
		};
		18D2DF131ED0837000B446CC /* Classes */ = {
			isa = PBXGroup;
			children = (
				18D2DF151ED0837000B446CC /* Tools */,
				18D2DF161ED0837000B446CC /* View */,
				18D2DF141ED0837000B446CC /* Model */,
				18D2DF1C1ED0837000B446CC /* ViewModel */,
			);
			path = Classes;
			sourceTree = SOURCE_ROOT;
		};
		18D2DF141ED0837000B446CC /* Model */ = {
			isa = PBXGroup;
			children = (
				185768361EE2ED2C00629BF6 /* UserAccount.swift */,
				181BCA141EF165E9009A82CC /* User.swift */,
				181BCA161EF16664009A82CC /* Status.swift */,
			);
			path = Model;
			sourceTree = "<group>";
		};
		18D2DF151ED0837000B446CC /* Tools */ = {
			isa = PBXGroup;
			children = (
				182BC1411F459C5E006F7ECB /* Emoticon */,
				18EFF5A91ED2B6CE0084F4CE /* Extension */,
				18EA2A381EDC83B0005D4F83 /* NetworkTool.swift */,
				189EEE4B1EEBF3CA00F8CBA5 /* Common.swift */,
			);
			path = Tools;
			sourceTree = "<group>";
		};
		18D2DF161ED0837000B446CC /* View */ = {
			isa = PBXGroup;
			children = (
				18B2B7851F4456EE00E4DDD3 /* Compose */,
				182913B31EDEB404000AAF4D /* OAuth */,
				18D2DF191ED0837000B446CC /* Main */,
				18D2DF181ED0837000B446CC /* Home */,
				18D2DF171ED0837000B446CC /* Discover */,
				18D2DF1A1ED0837000B446CC /* Message */,
				18D2DF1B1ED0837000B446CC /* Profile */,
			);
			path = View;
			sourceTree = "<group>";
		};
		18D2DF171ED0837000B446CC /* Discover */ = {
			isa = PBXGroup;
			children = (
				18D2DF231ED0879500B446CC /* DiscoverTableViewController.swift */,
			);
			path = Discover;
			sourceTree = "<group>";
		};
		18D2DF181ED0837000B446CC /* Home */ = {
			isa = PBXGroup;
			children = (
				18F43AA31F33313300024079 /* RefreshView */,
				18B2B3A61EF29FB400792F60 /* StatusCell */,
				18D2DF1F1ED0876D00B446CC /* HomeTableViewController.swift */,
			);
			path = Home;
			sourceTree = "<group>";
		};
		18D2DF191ED0837000B446CC /* Main */ = {
			isa = PBXGroup;
			children = (
				18E9D8E81EE52D3E00595D44 /* Newfeature */,
				180C328C1ED31D1F009AE1D9 /* Visitor */,
				18D2DF1D1ED0874D00B446CC /* MainViewController.swift */,
			);
			path = Main;
			sourceTree = "<group>";
		};
		18D2DF1A1ED0837000B446CC /* Message */ = {
			isa = PBXGroup;
			children = (
				18D2DF211ED0878300B446CC /* MessageTableViewController.swift */,
			);
			path = Message;
			sourceTree = "<group>";
		};
		18D2DF1B1ED0837000B446CC /* Profile */ = {
			isa = PBXGroup;
			children = (
				18D2DF251ED087B000B446CC /* ProfileTableViewController.swift */,
			);
			path = Profile;
			sourceTree = "<group>";
		};
		18D2DF1C1ED0837000B446CC /* ViewModel */ = {
			isa = PBXGroup;
			children = (
				185768381EE2F22400629BF6 /* UserAccountViewModel.swift */,
				181BCA181EF16698009A82CC /* StatusListViewModel.swift */,
				18FBBF2F1EF2D8E3009A4266 /* StatusViewModel.swift */,
			);
			path = ViewModel;
			sourceTree = "<group>";
		};
		18E9D8E81EE52D3E00595D44 /* Newfeature */ = {
			isa = PBXGroup;
			children = (
				18E9D8E91EE52D9000595D44 /* NewfeatureCollectionViewController.swift */,
				189EEE4D1EEBF41500F8CBA5 /* WelcomeViewController.swift */,
			);
			path = Newfeature;
			sourceTree = "<group>";
		};
		18EFF5A91ED2B6CE0084F4CE /* Extension */ = {
			isa = PBXGroup;
			children = (
				18EFF5AA1ED2B7D00084F4CE /* UIButton+Extension.swift */,
				189865F71EDAC1A100E85860 /* UILabel+Extension.swift */,
				189865F91EDAC5F700E85860 /* UIImageView+Extension.swift */,
				18B2B78A1F4478EF00E4DDD3 /* UIBarButtonItem+Extension.swift */,
			);
			path = Extension;
			sourceTree = "<group>";
		};
		18F43AA31F33313300024079 /* RefreshView */ = {
			isa = PBXGroup;
			children = (
				18F43AA41F33319D00024079 /* WBRefreshControl.swift */,
				18F43AA61F33335700024079 /* WBRefreshView.xib */,
			);
			path = RefreshView;
			sourceTree = "<group>";
		};
		43FE2F91467413BDC43BFC74 /* Frameworks */ = {
			isa = PBXGroup;
			children = (
				830936210B502E3C3D41EEE2 /* Pods_______.framework */,
				F8377F747ED05564CBC0A9E1 /* Pods_______Tests.framework */,
				2FA0EE078D81C0D3A60515B2 /* Pods_______UITests.framework */,
			);
			name = Frameworks;
			sourceTree = "<group>";
		};
		981CE705215339DA88793877 /* Pods */ = {
			isa = PBXGroup;
			children = (
				F82DE2584C2AB7D396288ECD /* Pods-仿写新浪微博.debug.xcconfig */,
				CD4F5CBB4BA389E953D6DE0B /* Pods-仿写新浪微博.release.xcconfig */,
				FFEA44D7EFFEE594715BBF1C /* Pods-仿写新浪微博Tests.debug.xcconfig */,
				CA944AD3CCD8370D72E32524 /* Pods-仿写新浪微博Tests.release.xcconfig */,
				234542B9F6771408281F702D /* Pods-仿写新浪微博UITests.debug.xcconfig */,
				AEA6D440CA775884A8BE81BF /* Pods-仿写新浪微博UITests.release.xcconfig */,
			);
			name = Pods;
			sourceTree = "<group>";
		};
/* End PBXGroup section */

/* Begin PBXNativeTarget section */
		18D2DEE11ED07BB300B446CC /* 仿写新浪微博 */ = {
			isa = PBXNativeTarget;
			buildConfigurationList = 18D2DF0A1ED07BB400B446CC /* Build configuration list for PBXNativeTarget "仿写新浪微博" */;
			buildPhases = (
				C79653A4E81A834D7C6B08D9 /* [CP] Check Pods Manifest.lock */,
				18D2DEDE1ED07BB300B446CC /* Sources */,
				18D2DEDF1ED07BB300B446CC /* Frameworks */,
				18D2DEE01ED07BB300B446CC /* Resources */,
				5A9799DB5506205CEE5BE1B7 /* [CP] Embed Pods Frameworks */,
				20DBFB16FE4E98A4E825352A /* [CP] Copy Pods Resources */,
			);
			buildRules = (
			);
			dependencies = (
			);
			name = "仿写新浪微博";
			productName = "仿写新浪微博";
			productReference = 18D2DEE21ED07BB300B446CC /* 仿写新浪微博.app */;
			productType = "com.apple.product-type.application";
		};
		18D2DEF51ED07BB400B446CC /* 仿写新浪微博Tests */ = {
			isa = PBXNativeTarget;
			buildConfigurationList = 18D2DF0D1ED07BB400B446CC /* Build configuration list for PBXNativeTarget "仿写新浪微博Tests" */;
			buildPhases = (
				B707CC9BA2034E6E22E8459C /* [CP] Check Pods Manifest.lock */,
				18D2DEF21ED07BB400B446CC /* Sources */,
				18D2DEF31ED07BB400B446CC /* Frameworks */,
				18D2DEF41ED07BB400B446CC /* Resources */,
				AC6D3361244E0AE2DE383F6F /* [CP] Embed Pods Frameworks */,
				6D69C5A13ACB54E872BB6109 /* [CP] Copy Pods Resources */,
			);
			buildRules = (
			);
			dependencies = (
				18D2DEF81ED07BB400B446CC /* PBXTargetDependency */,
			);
			name = "仿写新浪微博Tests";
			productName = "仿写新浪微博Tests";
			productReference = 18D2DEF61ED07BB400B446CC /* 仿写新浪微博Tests.xctest */;
			productType = "com.apple.product-type.bundle.unit-test";
		};
		18D2DF001ED07BB400B446CC /* 仿写新浪微博UITests */ = {
			isa = PBXNativeTarget;
			buildConfigurationList = 18D2DF101ED07BB400B446CC /* Build configuration list for PBXNativeTarget "仿写新浪微博UITests" */;
			buildPhases = (
				D10AB2C03F43E7B37BA1A14B /* [CP] Check Pods Manifest.lock */,
				18D2DEFD1ED07BB400B446CC /* Sources */,
				18D2DEFE1ED07BB400B446CC /* Frameworks */,
				18D2DEFF1ED07BB400B446CC /* Resources */,
				990C1FECBC99E05FE54DCB93 /* [CP] Embed Pods Frameworks */,
				753162CC90D570468AE31431 /* [CP] Copy Pods Resources */,
			);
			buildRules = (
			);
			dependencies = (
				18D2DF031ED07BB400B446CC /* PBXTargetDependency */,
			);
			name = "仿写新浪微博UITests";
			productName = "仿写新浪微博UITests";
			productReference = 18D2DF011ED07BB400B446CC /* 仿写新浪微博UITests.xctest */;
			productType = "com.apple.product-type.bundle.ui-testing";
		};
/* End PBXNativeTarget section */

/* Begin PBXProject section */
		18D2DEDA1ED07BB300B446CC /* Project object */ = {
			isa = PBXProject;
			attributes = {
				LastSwiftUpdateCheck = 0830;
				LastUpgradeCheck = 0830;
				ORGANIZATIONNAME = WRQ;
				TargetAttributes = {
					18D2DEE11ED07BB300B446CC = {
						CreatedOnToolsVersion = 8.3;
						DevelopmentTeam = 69ZWLY9ZXM;
						ProvisioningStyle = Automatic;
					};
					18D2DEF51ED07BB400B446CC = {
						CreatedOnToolsVersion = 8.3;
						DevelopmentTeam = 69ZWLY9ZXM;
						ProvisioningStyle = Automatic;
						TestTargetID = 18D2DEE11ED07BB300B446CC;
					};
					18D2DF001ED07BB400B446CC = {
						CreatedOnToolsVersion = 8.3;
						DevelopmentTeam = 69ZWLY9ZXM;
						ProvisioningStyle = Automatic;
						TestTargetID = 18D2DEE11ED07BB300B446CC;
					};
				};
			};
			buildConfigurationList = 18D2DEDD1ED07BB300B446CC /* Build configuration list for PBXProject "仿写新浪微博" */;
			compatibilityVersion = "Xcode 3.2";
			developmentRegion = English;
			hasScannedForEncodings = 0;
			knownRegions = (
				en,
				Base,
			);
			mainGroup = 18D2DED91ED07BB300B446CC;
			productRefGroup = 18D2DEE31ED07BB300B446CC /* Products */;
			projectDirPath = "";
			projectRoot = "";
			targets = (
				18D2DEE11ED07BB300B446CC /* 仿写新浪微博 */,
				18D2DEF51ED07BB400B446CC /* 仿写新浪微博Tests */,
				18D2DF001ED07BB400B446CC /* 仿写新浪微博UITests */,
			);
		};
/* End PBXProject section */

/* Begin PBXResourcesBuildPhase section */
		18D2DEE01ED07BB300B446CC /* Resources */ = {
			isa = PBXResourcesBuildPhase;
			buildActionMask = 2147483647;
			files = (
				18D2DEED1ED07BB300B446CC /* Assets.xcassets in Resources */,
				182BC14D1F459C5E006F7ECB /* Emoticons.bundle in Resources */,
				18F43AA71F33335700024079 /* WBRefreshView.xib in Resources */,
			);
			runOnlyForDeploymentPostprocessing = 0;
		};
		18D2DEF41ED07BB400B446CC /* Resources */ = {
			isa = PBXResourcesBuildPhase;
			buildActionMask = 2147483647;
			files = (
			);
			runOnlyForDeploymentPostprocessing = 0;
		};
		18D2DEFF1ED07BB400B446CC /* Resources */ = {
			isa = PBXResourcesBuildPhase;
			buildActionMask = 2147483647;
			files = (
			);
			runOnlyForDeploymentPostprocessing = 0;
		};
/* End PBXResourcesBuildPhase section */

/* Begin PBXShellScriptBuildPhase section */
		20DBFB16FE4E98A4E825352A /* [CP] Copy Pods Resources */ = {
			isa = PBXShellScriptBuildPhase;
			buildActionMask = 2147483647;
			files = (
			);
			inputPaths = (
			);
			name = "[CP] Copy Pods Resources";
			outputPaths = (
			);
			runOnlyForDeploymentPostprocessing = 0;
			shellPath = /bin/sh;
			shellScript = "\"${SRCROOT}/Pods/Target Support Files/Pods-仿写新浪微博/Pods-仿写新浪微博-resources.sh\"\n";
			showEnvVarsInLog = 0;
		};
		5A9799DB5506205CEE5BE1B7 /* [CP] Embed Pods Frameworks */ = {
			isa = PBXShellScriptBuildPhase;
			buildActionMask = 2147483647;
			files = (
			);
			inputPaths = (
			);
			name = "[CP] Embed Pods Frameworks";
			outputPaths = (
			);
			runOnlyForDeploymentPostprocessing = 0;
			shellPath = /bin/sh;
			shellScript = "\"${SRCROOT}/Pods/Target Support Files/Pods-仿写新浪微博/Pods-仿写新浪微博-frameworks.sh\"\n";
			showEnvVarsInLog = 0;
		};
		6D69C5A13ACB54E872BB6109 /* [CP] Copy Pods Resources */ = {
			isa = PBXShellScriptBuildPhase;
			buildActionMask = 2147483647;
			files = (
			);
			inputPaths = (
			);
			name = "[CP] Copy Pods Resources";
			outputPaths = (
			);
			runOnlyForDeploymentPostprocessing = 0;
			shellPath = /bin/sh;
			shellScript = "\"${SRCROOT}/Pods/Target Support Files/Pods-仿写新浪微博Tests/Pods-仿写新浪微博Tests-resources.sh\"\n";
			showEnvVarsInLog = 0;
		};
		753162CC90D570468AE31431 /* [CP] Copy Pods Resources */ = {
			isa = PBXShellScriptBuildPhase;
			buildActionMask = 2147483647;
			files = (
			);
			inputPaths = (
			);
			name = "[CP] Copy Pods Resources";
			outputPaths = (
			);
			runOnlyForDeploymentPostprocessing = 0;
			shellPath = /bin/sh;
			shellScript = "\"${SRCROOT}/Pods/Target Support Files/Pods-仿写新浪微博UITests/Pods-仿写新浪微博UITests-resources.sh\"\n";
			showEnvVarsInLog = 0;
		};
		990C1FECBC99E05FE54DCB93 /* [CP] Embed Pods Frameworks */ = {
			isa = PBXShellScriptBuildPhase;
			buildActionMask = 2147483647;
			files = (
			);
			inputPaths = (
			);
			name = "[CP] Embed Pods Frameworks";
			outputPaths = (
			);
			runOnlyForDeploymentPostprocessing = 0;
			shellPath = /bin/sh;
			shellScript = "\"${SRCROOT}/Pods/Target Support Files/Pods-仿写新浪微博UITests/Pods-仿写新浪微博UITests-frameworks.sh\"\n";
			showEnvVarsInLog = 0;
		};
		AC6D3361244E0AE2DE383F6F /* [CP] Embed Pods Frameworks */ = {
			isa = PBXShellScriptBuildPhase;
			buildActionMask = 2147483647;
			files = (
			);
			inputPaths = (
			);
			name = "[CP] Embed Pods Frameworks";
			outputPaths = (
			);
			runOnlyForDeploymentPostprocessing = 0;
			shellPath = /bin/sh;
			shellScript = "\"${SRCROOT}/Pods/Target Support Files/Pods-仿写新浪微博Tests/Pods-仿写新浪微博Tests-frameworks.sh\"\n";
			showEnvVarsInLog = 0;
		};
		B707CC9BA2034E6E22E8459C /* [CP] Check Pods Manifest.lock */ = {
			isa = PBXShellScriptBuildPhase;
			buildActionMask = 2147483647;
			files = (
			);
			inputPaths = (
			);
			name = "[CP] Check Pods Manifest.lock";
			outputPaths = (
			);
			runOnlyForDeploymentPostprocessing = 0;
			shellPath = /bin/sh;
			shellScript = "diff \"${PODS_ROOT}/../Podfile.lock\" \"${PODS_ROOT}/Manifest.lock\" > /dev/null\nif [ $? != 0 ] ; then\n    # print error to STDERR\n    echo \"error: The sandbox is not in sync with the Podfile.lock. Run 'pod install' or update your CocoaPods installation.\" >&2\n    exit 1\nfi\n";
			showEnvVarsInLog = 0;
		};
		C79653A4E81A834D7C6B08D9 /* [CP] Check Pods Manifest.lock */ = {
			isa = PBXShellScriptBuildPhase;
			buildActionMask = 2147483647;
			files = (
			);
			inputPaths = (
			);
			name = "[CP] Check Pods Manifest.lock";
			outputPaths = (
			);
			runOnlyForDeploymentPostprocessing = 0;
			shellPath = /bin/sh;
			shellScript = "diff \"${PODS_ROOT}/../Podfile.lock\" \"${PODS_ROOT}/Manifest.lock\" > /dev/null\nif [ $? != 0 ] ; then\n    # print error to STDERR\n    echo \"error: The sandbox is not in sync with the Podfile.lock. Run 'pod install' or update your CocoaPods installation.\" >&2\n    exit 1\nfi\n";
			showEnvVarsInLog = 0;
		};
		D10AB2C03F43E7B37BA1A14B /* [CP] Check Pods Manifest.lock */ = {
			isa = PBXShellScriptBuildPhase;
			buildActionMask = 2147483647;
			files = (
			);
			inputPaths = (
			);
			name = "[CP] Check Pods Manifest.lock";
			outputPaths = (
			);
			runOnlyForDeploymentPostprocessing = 0;
			shellPath = /bin/sh;
			shellScript = "diff \"${PODS_ROOT}/../Podfile.lock\" \"${PODS_ROOT}/Manifest.lock\" > /dev/null\nif [ $? != 0 ] ; then\n    # print error to STDERR\n    echo \"error: The sandbox is not in sync with the Podfile.lock. Run 'pod install' or update your CocoaPods installation.\" >&2\n    exit 1\nfi\n";
			showEnvVarsInLog = 0;
		};
/* End PBXShellScriptBuildPhase section */

/* Begin PBXSourcesBuildPhase section */
		18D2DEDE1ED07BB300B446CC /* Sources */ = {
			isa = PBXSourcesBuildPhase;
			buildActionMask = 2147483647;
			files = (
				189EEE4C1EEBF3CA00F8CBA5 /* Common.swift in Sources */,
				18D2DF261ED087B000B446CC /* ProfileTableViewController.swift in Sources */,
				18D2DF201ED0876D00B446CC /* HomeTableViewController.swift in Sources */,
				18B2B3AC1EF2A04200792F60 /* StatusCellBottomView.swift in Sources */,
				189865F81EDAC1A100E85860 /* UILabel+Extension.swift in Sources */,
				18D2DEE61ED07BB300B446CC /* AppDelegate.swift in Sources */,
				182BC14F1F459C5E006F7ECB /* Emoticon.swift in Sources */,
				18E9D8EA1EE52D9000595D44 /* NewfeatureCollectionViewController.swift in Sources */,
				182BC1521F459C5E006F7ECB /* UITextView+Emoji.swift in Sources */,
				18EA2A391EDC83B0005D4F83 /* NetworkTool.swift in Sources */,
				18D2DF221ED0878300B446CC /* MessageTableViewController.swift in Sources */,
				18BCA3C31F2CAFD700EF57FC /* StatusCellPictureView.swift in Sources */,
				18C740101F31D6E60038B2D1 /* StatusNormalCell.swift in Sources */,
				182BC1501F459C5E006F7ECB /* Package.swift in Sources */,
				185768371EE2ED2C00629BF6 /* UserAccount.swift in Sources */,
				182BC1511F459C5E006F7ECB /* String+Emoji.swift in Sources */,
				182BC14C1F459C5E006F7ECB /* EmoticonManager.swift in Sources */,
				189EEE4E1EEBF41500F8CBA5 /* WelcomeViewController.swift in Sources */,
				18C7400E1F31D6510038B2D1 /* StatusRetweetCell.swift in Sources */,
				180C328E1ED31D48009AE1D9 /* VisitorTableViewController.swift in Sources */,
				18B2B7871F44573200E4DDD3 /* ComposeViewController.swift in Sources */,
				18D2DF241ED0879500B446CC /* DiscoverTableViewController.swift in Sources */,
				189865FA1EDAC5F700E85860 /* UIImageView+Extension.swift in Sources */,
				18B2B78B1F4478EF00E4DDD3 /* UIBarButtonItem+Extension.swift in Sources */,
				181BCA191EF16698009A82CC /* StatusListViewModel.swift in Sources */,
				18FBBF301EF2D8E3009A4266 /* StatusViewModel.swift in Sources */,
				185768391EE2F22400629BF6 /* UserAccountViewModel.swift in Sources */,
				18B2B3A81EF29FDF00792F60 /* StatusCell.swift in Sources */,
				180C32901ED3324A009AE1D9 /* VisitorView.swift in Sources */,
				182913B51EDEB42F000AAF4D /* OAuthViewController.swift in Sources */,
				18D2DF1E1ED0874D00B446CC /* MainViewController.swift in Sources */,
				182BC14B1F459C5E006F7ECB /* EmoticonAttachment.swift in Sources */,
				182BC14E1F459C5E006F7ECB /* EmoticonView.swift in Sources */,
				181BCA171EF16664009A82CC /* Status.swift in Sources */,
				18EFF5AB1ED2B7D00084F4CE /* UIButton+Extension.swift in Sources */,
				18B2B3AA1EF2A00100792F60 /* StatusCellTopView.swift in Sources */,
				18F43AA51F33319D00024079 /* WBRefreshControl.swift in Sources */,
				181BCA151EF165E9009A82CC /* User.swift in Sources */,
			);
			runOnlyForDeploymentPostprocessing = 0;
		};
		18D2DEF21ED07BB400B446CC /* Sources */ = {
			isa = PBXSourcesBuildPhase;
			buildActionMask = 2147483647;
			files = (
				18D2DEFB1ED07BB400B446CC /* ______Tests.swift in Sources */,
			);
			runOnlyForDeploymentPostprocessing = 0;
		};
		18D2DEFD1ED07BB400B446CC /* Sources */ = {
			isa = PBXSourcesBuildPhase;
			buildActionMask = 2147483647;
			files = (
				18D2DF061ED07BB400B446CC /* ______UITests.swift in Sources */,
			);
			runOnlyForDeploymentPostprocessing = 0;
		};
/* End PBXSourcesBuildPhase section */

/* Begin PBXTargetDependency section */
		18D2DEF81ED07BB400B446CC /* PBXTargetDependency */ = {
			isa = PBXTargetDependency;
			target = 18D2DEE11ED07BB300B446CC /* 仿写新浪微博 */;
			targetProxy = 18D2DEF71ED07BB400B446CC /* PBXContainerItemProxy */;
		};
		18D2DF031ED07BB400B446CC /* PBXTargetDependency */ = {
			isa = PBXTargetDependency;
			target = 18D2DEE11ED07BB300B446CC /* 仿写新浪微博 */;
			targetProxy = 18D2DF021ED07BB400B446CC /* PBXContainerItemProxy */;
		};
/* End PBXTargetDependency section */

/* Begin XCBuildConfiguration section */
		18D2DF081ED07BB400B446CC /* Debug */ = {
			isa = XCBuildConfiguration;
			buildSettings = {
				ALWAYS_SEARCH_USER_PATHS = NO;
				CLANG_ANALYZER_NONNULL = YES;
				CLANG_ANALYZER_NUMBER_OBJECT_CONVERSION = YES_AGGRESSIVE;
				CLANG_CXX_LANGUAGE_STANDARD = "gnu++0x";
				CLANG_CXX_LIBRARY = "libc++";
				CLANG_ENABLE_MODULES = YES;
				CLANG_ENABLE_OBJC_ARC = YES;
				CLANG_WARN_BOOL_CONVERSION = YES;
				CLANG_WARN_CONSTANT_CONVERSION = YES;
				CLANG_WARN_DIRECT_OBJC_ISA_USAGE = YES_ERROR;
				CLANG_WARN_DOCUMENTATION_COMMENTS = YES;
				CLANG_WARN_EMPTY_BODY = YES;
				CLANG_WARN_ENUM_CONVERSION = YES;
				CLANG_WARN_INFINITE_RECURSION = YES;
				CLANG_WARN_INT_CONVERSION = YES;
				CLANG_WARN_OBJC_ROOT_CLASS = YES_ERROR;
				CLANG_WARN_SUSPICIOUS_MOVE = YES;
				CLANG_WARN_UNREACHABLE_CODE = YES;
				CLANG_WARN__DUPLICATE_METHOD_MATCH = YES;
				"CODE_SIGN_IDENTITY[sdk=iphoneos*]" = "iPhone Developer";
				COPY_PHASE_STRIP = NO;
				DEBUG_INFORMATION_FORMAT = dwarf;
				ENABLE_STRICT_OBJC_MSGSEND = YES;
				ENABLE_TESTABILITY = YES;
				GCC_C_LANGUAGE_STANDARD = gnu99;
				GCC_DYNAMIC_NO_PIC = NO;
				GCC_NO_COMMON_BLOCKS = YES;
				GCC_OPTIMIZATION_LEVEL = 0;
				GCC_PREPROCESSOR_DEFINITIONS = (
					"DEBUG=1",
					"$(inherited)",
				);
				GCC_WARN_64_TO_32_BIT_CONVERSION = YES;
				GCC_WARN_ABOUT_RETURN_TYPE = YES_ERROR;
				GCC_WARN_UNDECLARED_SELECTOR = YES;
				GCC_WARN_UNINITIALIZED_AUTOS = YES_AGGRESSIVE;
				GCC_WARN_UNUSED_FUNCTION = YES;
				GCC_WARN_UNUSED_VARIABLE = YES;
				IPHONEOS_DEPLOYMENT_TARGET = 10.3;
				MTL_ENABLE_DEBUG_INFO = YES;
				ONLY_ACTIVE_ARCH = YES;
				SDKROOT = iphoneos;
				SWIFT_ACTIVE_COMPILATION_CONDITIONS = DEBUG;
				SWIFT_OPTIMIZATION_LEVEL = "-Onone";
				TARGETED_DEVICE_FAMILY = "1,2";
			};
			name = Debug;
		};
		18D2DF091ED07BB400B446CC /* Release */ = {
			isa = XCBuildConfiguration;
			buildSettings = {
				ALWAYS_SEARCH_USER_PATHS = NO;
				CLANG_ANALYZER_NONNULL = YES;
				CLANG_ANALYZER_NUMBER_OBJECT_CONVERSION = YES_AGGRESSIVE;
				CLANG_CXX_LANGUAGE_STANDARD = "gnu++0x";
				CLANG_CXX_LIBRARY = "libc++";
				CLANG_ENABLE_MODULES = YES;
				CLANG_ENABLE_OBJC_ARC = YES;
				CLANG_WARN_BOOL_CONVERSION = YES;
				CLANG_WARN_CONSTANT_CONVERSION = YES;
				CLANG_WARN_DIRECT_OBJC_ISA_USAGE = YES_ERROR;
				CLANG_WARN_DOCUMENTATION_COMMENTS = YES;
				CLANG_WARN_EMPTY_BODY = YES;
				CLANG_WARN_ENUM_CONVERSION = YES;
				CLANG_WARN_INFINITE_RECURSION = YES;
				CLANG_WARN_INT_CONVERSION = YES;
				CLANG_WARN_OBJC_ROOT_CLASS = YES_ERROR;
				CLANG_WARN_SUSPICIOUS_MOVE = YES;
				CLANG_WARN_UNREACHABLE_CODE = YES;
				CLANG_WARN__DUPLICATE_METHOD_MATCH = YES;
				"CODE_SIGN_IDENTITY[sdk=iphoneos*]" = "iPhone Developer";
				COPY_PHASE_STRIP = NO;
				DEBUG_INFORMATION_FORMAT = "dwarf-with-dsym";
				ENABLE_NS_ASSERTIONS = NO;
				ENABLE_STRICT_OBJC_MSGSEND = YES;
				GCC_C_LANGUAGE_STANDARD = gnu99;
				GCC_NO_COMMON_BLOCKS = YES;
				GCC_WARN_64_TO_32_BIT_CONVERSION = YES;
				GCC_WARN_ABOUT_RETURN_TYPE = YES_ERROR;
				GCC_WARN_UNDECLARED_SELECTOR = YES;
				GCC_WARN_UNINITIALIZED_AUTOS = YES_AGGRESSIVE;
				GCC_WARN_UNUSED_FUNCTION = YES;
				GCC_WARN_UNUSED_VARIABLE = YES;
				IPHONEOS_DEPLOYMENT_TARGET = 10.3;
				MTL_ENABLE_DEBUG_INFO = NO;
				SDKROOT = iphoneos;
				SWIFT_OPTIMIZATION_LEVEL = "-Owholemodule";
				TARGETED_DEVICE_FAMILY = "1,2";
				VALIDATE_PRODUCT = YES;
			};
			name = Release;
		};
		18D2DF0B1ED07BB400B446CC /* Debug */ = {
			isa = XCBuildConfiguration;
			baseConfigurationReference = F82DE2584C2AB7D396288ECD /* Pods-仿写新浪微博.debug.xcconfig */;
			buildSettings = {
				ALWAYS_EMBED_SWIFT_STANDARD_LIBRARIES = YES;
				ASSETCATALOG_COMPILER_APPICON_NAME = AppIcon;
				ASSETCATALOG_COMPILER_LAUNCHIMAGE_NAME = LaunchImage;
				DEVELOPMENT_TEAM = 69ZWLY9ZXM;
				INFOPLIST_FILE = "仿写新浪微博/Info.plist";
				IPHONEOS_DEPLOYMENT_TARGET = 8.0;
				LD_RUNPATH_SEARCH_PATHS = "$(inherited) @executable_path/Frameworks";
				PRODUCT_BUNDLE_IDENTIFIER = "com.xyou3g.------";
				PRODUCT_NAME = "$(TARGET_NAME)";
				SWIFT_VERSION = 3.0;
				TARGETED_DEVICE_FAMILY = 1;
			};
			name = Debug;
		};
		18D2DF0C1ED07BB400B446CC /* Release */ = {
			isa = XCBuildConfiguration;
			baseConfigurationReference = CD4F5CBB4BA389E953D6DE0B /* Pods-仿写新浪微博.release.xcconfig */;
			buildSettings = {
				ALWAYS_EMBED_SWIFT_STANDARD_LIBRARIES = YES;
				ASSETCATALOG_COMPILER_APPICON_NAME = AppIcon;
				ASSETCATALOG_COMPILER_LAUNCHIMAGE_NAME = LaunchImage;
				DEVELOPMENT_TEAM = 69ZWLY9ZXM;
				INFOPLIST_FILE = "仿写新浪微博/Info.plist";
				IPHONEOS_DEPLOYMENT_TARGET = 8.0;
				LD_RUNPATH_SEARCH_PATHS = "$(inherited) @executable_path/Frameworks";
				PRODUCT_BUNDLE_IDENTIFIER = "com.xyou3g.------";
				PRODUCT_NAME = "$(TARGET_NAME)";
				SWIFT_VERSION = 3.0;
				TARGETED_DEVICE_FAMILY = 1;
			};
			name = Release;
		};
		18D2DF0E1ED07BB400B446CC /* Debug */ = {
			isa = XCBuildConfiguration;
			baseConfigurationReference = FFEA44D7EFFEE594715BBF1C /* Pods-仿写新浪微博Tests.debug.xcconfig */;
			buildSettings = {
				ALWAYS_EMBED_SWIFT_STANDARD_LIBRARIES = YES;
				BUNDLE_LOADER = "$(TEST_HOST)";
				DEVELOPMENT_TEAM = 69ZWLY9ZXM;
				INFOPLIST_FILE = "仿写新浪微博Tests/Info.plist";
				LD_RUNPATH_SEARCH_PATHS = "$(inherited) @executable_path/Frameworks @loader_path/Frameworks";
				PRODUCT_BUNDLE_IDENTIFIER = "com.xyou3g.------Tests";
				PRODUCT_NAME = "$(TARGET_NAME)";
				SWIFT_VERSION = 3.0;
				TEST_HOST = "$(BUILT_PRODUCTS_DIR)/仿写新浪微博.app/仿写新浪微博";
			};
			name = Debug;
		};
		18D2DF0F1ED07BB400B446CC /* Release */ = {
			isa = XCBuildConfiguration;
			baseConfigurationReference = CA944AD3CCD8370D72E32524 /* Pods-仿写新浪微博Tests.release.xcconfig */;
			buildSettings = {
				ALWAYS_EMBED_SWIFT_STANDARD_LIBRARIES = YES;
				BUNDLE_LOADER = "$(TEST_HOST)";
				DEVELOPMENT_TEAM = 69ZWLY9ZXM;
				INFOPLIST_FILE = "仿写新浪微博Tests/Info.plist";
				LD_RUNPATH_SEARCH_PATHS = "$(inherited) @executable_path/Frameworks @loader_path/Frameworks";
				PRODUCT_BUNDLE_IDENTIFIER = "com.xyou3g.------Tests";
				PRODUCT_NAME = "$(TARGET_NAME)";
				SWIFT_VERSION = 3.0;
				TEST_HOST = "$(BUILT_PRODUCTS_DIR)/仿写新浪微博.app/仿写新浪微博";
			};
			name = Release;
		};
		18D2DF111ED07BB400B446CC /* Debug */ = {
			isa = XCBuildConfiguration;
			baseConfigurationReference = 234542B9F6771408281F702D /* Pods-仿写新浪微博UITests.debug.xcconfig */;
			buildSettings = {
				ALWAYS_EMBED_SWIFT_STANDARD_LIBRARIES = YES;
				DEVELOPMENT_TEAM = 69ZWLY9ZXM;
				INFOPLIST_FILE = "仿写新浪微博UITests/Info.plist";
				LD_RUNPATH_SEARCH_PATHS = "$(inherited) @executable_path/Frameworks @loader_path/Frameworks";
				PRODUCT_BUNDLE_IDENTIFIER = "com.xyou3g.------UITests";
				PRODUCT_NAME = "$(TARGET_NAME)";
				SWIFT_VERSION = 3.0;
				TEST_TARGET_NAME = "仿写新浪微博";
			};
			name = Debug;
		};
		18D2DF121ED07BB400B446CC /* Release */ = {
			isa = XCBuildConfiguration;
			baseConfigurationReference = AEA6D440CA775884A8BE81BF /* Pods-仿写新浪微博UITests.release.xcconfig */;
			buildSettings = {
				ALWAYS_EMBED_SWIFT_STANDARD_LIBRARIES = YES;
				DEVELOPMENT_TEAM = 69ZWLY9ZXM;
				INFOPLIST_FILE = "仿写新浪微博UITests/Info.plist";
				LD_RUNPATH_SEARCH_PATHS = "$(inherited) @executable_path/Frameworks @loader_path/Frameworks";
				PRODUCT_BUNDLE_IDENTIFIER = "com.xyou3g.------UITests";
				PRODUCT_NAME = "$(TARGET_NAME)";
				SWIFT_VERSION = 3.0;
				TEST_TARGET_NAME = "仿写新浪微博";
			};
			name = Release;
		};
/* End XCBuildConfiguration section */

/* Begin XCConfigurationList section */
		18D2DEDD1ED07BB300B446CC /* Build configuration list for PBXProject "仿写新浪微博" */ = {
			isa = XCConfigurationList;
			buildConfigurations = (
				18D2DF081ED07BB400B446CC /* Debug */,
				18D2DF091ED07BB400B446CC /* Release */,
			);
			defaultConfigurationIsVisible = 0;
			defaultConfigurationName = Release;
		};
		18D2DF0A1ED07BB400B446CC /* Build configuration list for PBXNativeTarget "仿写新浪微博" */ = {
			isa = XCConfigurationList;
			buildConfigurations = (
				18D2DF0B1ED07BB400B446CC /* Debug */,
				18D2DF0C1ED07BB400B446CC /* Release */,
			);
			defaultConfigurationIsVisible = 0;
			defaultConfigurationName = Release;
		};
		18D2DF0D1ED07BB400B446CC /* Build configuration list for PBXNativeTarget "仿写新浪微博Tests" */ = {
			isa = XCConfigurationList;
			buildConfigurations = (
				18D2DF0E1ED07BB400B446CC /* Debug */,
				18D2DF0F1ED07BB400B446CC /* Release */,
			);
			defaultConfigurationIsVisible = 0;
			defaultConfigurationName = Release;
		};
		18D2DF101ED07BB400B446CC /* Build configuration list for PBXNativeTarget "仿写新浪微博UITests" */ = {
			isa = XCConfigurationList;
			buildConfigurations = (
				18D2DF111ED07BB400B446CC /* Debug */,
				18D2DF121ED07BB400B446CC /* Release */,
			);
			defaultConfigurationIsVisible = 0;
			defaultConfigurationName = Release;
		};
/* End XCConfigurationList section */
	};
	rootObject = 18D2DEDA1ED07BB300B446CC /* Project object */;
}
